
Microsoft Visual Studio Solution File, Format Version 12.00
# Visual Studio Version 16
VisualStudioVersion = 16.0.31424.327
MinimumVisualStudioVersion = 10.0.40219.1
Project("{FAE04EC0-301F-11D3-BF4B-00C04F79EFBC}") = "WebAppClassic", "WebAppClassic\WebAppClassic.csproj", "{15B2F9C7-8E5D-4F7E-BE77-27A5A31F5492}"
EndProject
Project("{FAE04EC0-301F-11D3-BF4B-00C04F79EFBC}") = "WebAppClassic.Tests", "WebAppClassic.Tests\WebAppClassic.Tests.csproj", "{DCB25DC0-3F1F-412A-9AA6-E7B34D4E6040}"
EndProject
Global
	GlobalSection(SolutionConfigurationPlatforms) = preSolution
		Debug|Any CPU = Debug|Any CPU
		Release|Any CPU = Release|Any CPU
	EndGlobalSection
	GlobalSection(ProjectConfigurationPlatforms) = postSolution
		{15B2F9C7-8E5D-4F7E-BE77-27A5A31F5492}.Debug|Any CPU.ActiveCfg = Debug|Any CPU
		{15B2F9C7-8E5D-4F7E-BE77-27A5A31F5492}.Debug|Any CPU.Build.0 = Debug|Any CPU
		{15B2F9C7-8E5D-4F7E-BE77-27A5A31F5492}.Release|Any CPU.ActiveCfg = Release|Any CPU
		{15B2F9C7-8E5D-4F7E-BE77-27A5A31F5492}.Release|Any CPU.Build.0 = Release|Any CPU
		{DCB25DC0-3F1F-412A-9AA6-E7B34D4E6040}.Debug|Any CPU.ActiveCfg = Debug|Any CPU
		{DCB25DC0-3F1F-412A-9AA6-E7B34D4E6040}.Debug|Any CPU.Build.0 = Debug|Any CPU
		{DCB25DC0-3F1F-412A-9AA6-E7B34D4E6040}.Release|Any CPU.ActiveCfg = Release|Any CPU
		{DCB25DC0-3F1F-412A-9AA6-E7B34D4E6040}.Release|Any CPU.Build.0 = Release|Any CPU
	EndGlobalSection
	GlobalSection(SolutionProperties) = preSolution
		HideSolutionNode = FALSE
	EndGlobalSection
	GlobalSection(ExtensibilityGlobals) = postSolution
		SolutionGuid = {249B4EE1-E29F-4BB4-BC27-49BB4F97C0D0}
	EndGlobalSection
EndGlobal
